
Microsoft Visual Studio Solution File, Format Version 9.00
# Visual Studio 2005
Project("{8BC9CEB8-8B4A-11D0-8D11-00A0C91BC942}") = "libcruise", "libcruise\libcruise.vcproj", "{EBAA4D29-825D-4E01-A2CC-B97BB8C85B0D}"
EndProject
Project("{8BC9CEB8-8B4A-11D0-8D11-00A0C91BC942}") = "LibcruiseTest", "LibcruiseTest\LibcruiseTest.vcproj", "{A91E9EBE-4B64-448B-B88B-A29FB7E05BB0}"
	ProjectSection(ProjectDependencies) = postProject
		{EBAA4D29-825D-4E01-A2CC-B97BB8C85B0D} = {EBAA4D29-825D-4E01-A2CC-B97BB8C85B0D}
	EndProjectSection
EndProject
Global
	GlobalSection(SolutionConfigurationPlatforms) = preSolution
		Debug|Win32 = Debug|Win32
		Release|Win32 = Release|Win32
	EndGlobalSection
	GlobalSection(ProjectConfigurationPlatforms) = postSolution
		{EBAA4D29-825D-4E01-A2CC-B97BB8C85B0D}.Debug|Win32.ActiveCfg = Debug|Win32
		{EBAA4D29-825D-4E01-A2CC-B97BB8C85B0D}.Debug|Win32.Build.0 = Debug|Win32
		{EBAA4D29-825D-4E01-A2CC-B97BB8C85B0D}.Release|Win32.ActiveCfg = Release|Win32
		{EBAA4D29-825D-4E01-A2CC-B97BB8C85B0D}.Release|Win32.Build.0 = Release|Win32
		{A91E9EBE-4B64-448B-B88B-A29FB7E05BB0}.Debug|Win32.ActiveCfg = Debug|Win32
		{A91E9EBE-4B64-448B-B88B-A29FB7E05BB0}.Debug|Win32.Build.0 = Debug|Win32
		{A91E9EBE-4B64-448B-B88B-A29FB7E05BB0}.Release|Win32.ActiveCfg = Release|Win32
		{A91E9EBE-4B64-448B-B88B-A29FB7E05BB0}.Release|Win32.Build.0 = Release|Win32
	EndGlobalSection
	GlobalSection(SolutionProperties) = preSolution
		HideSolutionNode = FALSE
	EndGlobalSection
EndGlobal
